// !$*UTF8*$!
{
	archiveVersion = 1;
	classes = {
	};
	objectVersion = 56;
	objects = {

/* Begin PBXBuildFile section */
		071302D829C1332F0041FBA4 /* myairopsApp.swift in Sources */ = {isa = PBXBuildFile; fileRef = 071302D729C1332F0041FBA4 /* myairopsApp.swift */; };
		071302DC29C133300041FBA4 /* Assets.xcassets in Resources */ = {isa = PBXBuildFile; fileRef = 071302DB29C133300041FBA4 /* Assets.xcassets */; };
		071302DF29C133300041FBA4 /* Preview Assets.xcassets in Resources */ = {isa = PBXBuildFile; fileRef = 071302DE29C133300041FBA4 /* Preview Assets.xcassets */; };
		071302E929C133300041FBA4 /* myairopsTests.swift in Sources */ = {isa = PBXBuildFile; fileRef = 071302E829C133300041FBA4 /* myairopsTests.swift */; };
		071302F329C133300041FBA4 /* myairopsUITests.swift in Sources */ = {isa = PBXBuildFile; fileRef = 071302F229C133300041FBA4 /* myairopsUITests.swift */; };
		071302F529C133300041FBA4 /* myairopsUITestsLaunchTests.swift in Sources */ = {isa = PBXBuildFile; fileRef = 071302F429C133300041FBA4 /* myairopsUITestsLaunchTests.swift */; };
		0713030929C134880041FBA4 /* FlightsView.swift in Sources */ = {isa = PBXBuildFile; fileRef = 0713030829C134880041FBA4 /* FlightsView.swift */; };
		0713030B29C134930041FBA4 /* ContactsView.swift in Sources */ = {isa = PBXBuildFile; fileRef = 0713030A29C134930041FBA4 /* ContactsView.swift */; };
		0713030D29C1349B0041FBA4 /* SettingsView.swift in Sources */ = {isa = PBXBuildFile; fileRef = 0713030C29C1349B0041FBA4 /* SettingsView.swift */; };
		0713031029C134C20041FBA4 /* TabViewItem.swift in Sources */ = {isa = PBXBuildFile; fileRef = 0713030F29C134C20041FBA4 /* TabViewItem.swift */; };
		0713031629C13BF70041FBA4 /* FlightProgressIndicator.swift in Sources */ = {isa = PBXBuildFile; fileRef = 0713031529C13BF70041FBA4 /* FlightProgressIndicator.swift */; };
		0713031A29C14E400041FBA4 /* AirportManager.swift in Sources */ = {isa = PBXBuildFile; fileRef = 0713031929C14E400041FBA4 /* AirportManager.swift */; };
		0713031C29C15A7F0041FBA4 /* Airport.swift in Sources */ = {isa = PBXBuildFile; fileRef = 0713031B29C15A7F0041FBA4 /* Airport.swift */; };
		0713031E29C15E640041FBA4 /* AirlinesManager.swift in Sources */ = {isa = PBXBuildFile; fileRef = 0713031D29C15E640041FBA4 /* AirlinesManager.swift */; };
		0713032129C172330041FBA4 /* AirlabsAPI.swift in Sources */ = {isa = PBXBuildFile; fileRef = 0713032029C172330041FBA4 /* AirlabsAPI.swift */; };
		0713032329C175280041FBA4 /* Airline.swift in Sources */ = {isa = PBXBuildFile; fileRef = 0713032229C175280041FBA4 /* Airline.swift */; };
		0713032529C1764B0041FBA4 /* FlightsControlBar.swift in Sources */ = {isa = PBXBuildFile; fileRef = 0713032429C1764B0041FBA4 /* FlightsControlBar.swift */; };
		0713032729C17B8B0041FBA4 /* FlightsFilterView.swift in Sources */ = {isa = PBXBuildFile; fileRef = 0713032629C17B8B0041FBA4 /* FlightsFilterView.swift */; };
		0713032929C181AF0041FBA4 /* FlightManager.swift in Sources */ = {isa = PBXBuildFile; fileRef = 0713032829C181AF0041FBA4 /* FlightManager.swift */; };
		0713032B29C183EE0041FBA4 /* Flight.swift in Sources */ = {isa = PBXBuildFile; fileRef = 0713032A29C183EE0041FBA4 /* Flight.swift */; };
		0713032D29C190B40041FBA4 /* FlightView.swift in Sources */ = {isa = PBXBuildFile; fileRef = 0713032C29C190B30041FBA4 /* FlightView.swift */; };
/* End PBXBuildFile section */

/* Begin PBXContainerItemProxy section */
		071302E529C133300041FBA4 /* PBXContainerItemProxy */ = {
			isa = PBXContainerItemProxy;
			containerPortal = 071302CC29C1332E0041FBA4 /* Project object */;
			proxyType = 1;
			remoteGlobalIDString = 071302D329C1332F0041FBA4;
			remoteInfo = myairops;
		};
		071302EF29C133300041FBA4 /* PBXContainerItemProxy */ = {
			isa = PBXContainerItemProxy;
			containerPortal = 071302CC29C1332E0041FBA4 /* Project object */;
			proxyType = 1;
			remoteGlobalIDString = 071302D329C1332F0041FBA4;
			remoteInfo = myairops;
		};
/* End PBXContainerItemProxy section */

/* Begin PBXFileReference section */
		071302D429C1332F0041FBA4 /* myairops.app */ = {isa = PBXFileReference; explicitFileType = wrapper.application; includeInIndex = 0; path = myairops.app; sourceTree = BUILT_PRODUCTS_DIR; };
		071302D729C1332F0041FBA4 /* myairopsApp.swift */ = {isa = PBXFileReference; lastKnownFileType = sourcecode.swift; path = myairopsApp.swift; sourceTree = "<group>"; };
		071302DB29C133300041FBA4 /* Assets.xcassets */ = {isa = PBXFileReference; lastKnownFileType = folder.assetcatalog; path = Assets.xcassets; sourceTree = "<group>"; };
		071302DE29C133300041FBA4 /* Preview Assets.xcassets */ = {isa = PBXFileReference; lastKnownFileType = folder.assetcatalog; path = "Preview Assets.xcassets"; sourceTree = "<group>"; };
		071302E429C133300041FBA4 /* myairopsTests.xctest */ = {isa = PBXFileReference; explicitFileType = wrapper.cfbundle; includeInIndex = 0; path = myairopsTests.xctest; sourceTree = BUILT_PRODUCTS_DIR; };
		071302E829C133300041FBA4 /* myairopsTests.swift */ = {isa = PBXFileReference; lastKnownFileType = sourcecode.swift; path = myairopsTests.swift; sourceTree = "<group>"; };
		071302EE29C133300041FBA4 /* myairopsUITests.xctest */ = {isa = PBXFileReference; explicitFileType = wrapper.cfbundle; includeInIndex = 0; path = myairopsUITests.xctest; sourceTree = BUILT_PRODUCTS_DIR; };
		071302F229C133300041FBA4 /* myairopsUITests.swift */ = {isa = PBXFileReference; lastKnownFileType = sourcecode.swift; path = myairopsUITests.swift; sourceTree = "<group>"; };
		071302F429C133300041FBA4 /* myairopsUITestsLaunchTests.swift */ = {isa = PBXFileReference; lastKnownFileType = sourcecode.swift; path = myairopsUITestsLaunchTests.swift; sourceTree = "<group>"; };
		0713030829C134880041FBA4 /* FlightsView.swift */ = {isa = PBXFileReference; lastKnownFileType = sourcecode.swift; path = FlightsView.swift; sourceTree = "<group>"; };
		0713030A29C134930041FBA4 /* ContactsView.swift */ = {isa = PBXFileReference; lastKnownFileType = sourcecode.swift; path = ContactsView.swift; sourceTree = "<group>"; };
		0713030C29C1349B0041FBA4 /* SettingsView.swift */ = {isa = PBXFileReference; lastKnownFileType = sourcecode.swift; path = SettingsView.swift; sourceTree = "<group>"; };
		0713030F29C134C20041FBA4 /* TabViewItem.swift */ = {isa = PBXFileReference; lastKnownFileType = sourcecode.swift; path = TabViewItem.swift; sourceTree = "<group>"; };
		0713031529C13BF70041FBA4 /* FlightProgressIndicator.swift */ = {isa = PBXFileReference; lastKnownFileType = sourcecode.swift; path = FlightProgressIndicator.swift; sourceTree = "<group>"; };
		0713031929C14E400041FBA4 /* AirportManager.swift */ = {isa = PBXFileReference; lastKnownFileType = sourcecode.swift; path = AirportManager.swift; sourceTree = "<group>"; };
		0713031B29C15A7F0041FBA4 /* Airport.swift */ = {isa = PBXFileReference; lastKnownFileType = sourcecode.swift; path = Airport.swift; sourceTree = "<group>"; };
		0713031D29C15E640041FBA4 /* AirlinesManager.swift */ = {isa = PBXFileReference; lastKnownFileType = sourcecode.swift; path = AirlinesManager.swift; sourceTree = "<group>"; };
		0713032029C172330041FBA4 /* AirlabsAPI.swift */ = {isa = PBXFileReference; lastKnownFileType = sourcecode.swift; path = AirlabsAPI.swift; sourceTree = "<group>"; };
		0713032229C175280041FBA4 /* Airline.swift */ = {isa = PBXFileReference; lastKnownFileType = sourcecode.swift; path = Airline.swift; sourceTree = "<group>"; };
		0713032429C1764B0041FBA4 /* FlightsControlBar.swift */ = {isa = PBXFileReference; lastKnownFileType = sourcecode.swift; path = FlightsControlBar.swift; sourceTree = "<group>"; };
		0713032629C17B8B0041FBA4 /* FlightsFilterView.swift */ = {isa = PBXFileReference; lastKnownFileType = sourcecode.swift; path = FlightsFilterView.swift; sourceTree = "<group>"; };
		0713032829C181AF0041FBA4 /* FlightManager.swift */ = {isa = PBXFileReference; lastKnownFileType = sourcecode.swift; path = FlightManager.swift; sourceTree = "<group>"; };
		0713032A29C183EE0041FBA4 /* Flight.swift */ = {isa = PBXFileReference; lastKnownFileType = sourcecode.swift; path = Flight.swift; sourceTree = "<group>"; };
		0713032C29C190B30041FBA4 /* FlightView.swift */ = {isa = PBXFileReference; lastKnownFileType = sourcecode.swift; path = FlightView.swift; sourceTree = "<group>"; };
/* End PBXFileReference section */

/* Begin PBXFrameworksBuildPhase section */
		071302D129C1332F0041FBA4 /* Frameworks */ = {
			isa = PBXFrameworksBuildPhase;
			buildActionMask = 2147483647;
			files = (
			);
			runOnlyForDeploymentPostprocessing = 0;
		};
		071302E129C133300041FBA4 /* Frameworks */ = {
			isa = PBXFrameworksBuildPhase;
			buildActionMask = 2147483647;
			files = (
			);
			runOnlyForDeploymentPostprocessing = 0;
		};
		071302EB29C133300041FBA4 /* Frameworks */ = {
			isa = PBXFrameworksBuildPhase;
			buildActionMask = 2147483647;
			files = (
			);
			runOnlyForDeploymentPostprocessing = 0;
		};
/* End PBXFrameworksBuildPhase section */

/* Begin PBXGroup section */
		071302CB29C1332E0041FBA4 = {
			isa = PBXGroup;
			children = (
				071302D629C1332F0041FBA4 /* myairops */,
				071302E729C133300041FBA4 /* myairopsTests */,
				071302F129C133300041FBA4 /* myairopsUITests */,
				071302D529C1332F0041FBA4 /* Products */,
			);
			sourceTree = "<group>";
		};
		071302D529C1332F0041FBA4 /* Products */ = {
			isa = PBXGroup;
			children = (
				071302D429C1332F0041FBA4 /* myairops.app */,
				071302E429C133300041FBA4 /* myairopsTests.xctest */,
				071302EE29C133300041FBA4 /* myairopsUITests.xctest */,
			);
			name = Products;
			sourceTree = "<group>";
		};
		071302D629C1332F0041FBA4 /* myairops */ = {
			isa = PBXGroup;
			children = (
				0713030429C1343A0041FBA4 /* managers */,
				0713030229C1337A0041FBA4 /* models */,
				0713030129C133760041FBA4 /* views */,
				071302D729C1332F0041FBA4 /* myairopsApp.swift */,
				071302DB29C133300041FBA4 /* Assets.xcassets */,
				071302DD29C133300041FBA4 /* Preview Content */,
			);
			path = myairops;
			sourceTree = "<group>";
		};
		071302DD29C133300041FBA4 /* Preview Content */ = {
			isa = PBXGroup;
			children = (
				071302DE29C133300041FBA4 /* Preview Assets.xcassets */,
			);
			path = "Preview Content";
			sourceTree = "<group>";
		};
		071302E729C133300041FBA4 /* myairopsTests */ = {
			isa = PBXGroup;
			children = (
				071302E829C133300041FBA4 /* myairopsTests.swift */,
			);
			path = myairopsTests;
			sourceTree = "<group>";
		};
		071302F129C133300041FBA4 /* myairopsUITests */ = {
			isa = PBXGroup;
			children = (
				071302F229C133300041FBA4 /* myairopsUITests.swift */,
				071302F429C133300041FBA4 /* myairopsUITestsLaunchTests.swift */,
			);
			path = myairopsUITests;
			sourceTree = "<group>";
		};
		0713030129C133760041FBA4 /* views */ = {
			isa = PBXGroup;
			children = (
				0713030E29C134A40041FBA4 /* components */,
				0713030529C134590041FBA4 /* flights */,
				0713030629C134600041FBA4 /* contacts */,
				0713030729C1346A0041FBA4 /* settings */,
			);
			path = views;
			sourceTree = "<group>";
		};
		0713030229C1337A0041FBA4 /* models */ = {
			isa = PBXGroup;
			children = (
				0713031B29C15A7F0041FBA4 /* Airport.swift */,
				0713032229C175280041FBA4 /* Airline.swift */,
				0713032A29C183EE0041FBA4 /* Flight.swift */,
			);
			path = models;
			sourceTree = "<group>";
		};
		0713030429C1343A0041FBA4 /* managers */ = {
			isa = PBXGroup;
			children = (
				0713031929C14E400041FBA4 /* AirportManager.swift */,
				0713031D29C15E640041FBA4 /* AirlinesManager.swift */,
				0713032829C181AF0041FBA4 /* FlightManager.swift */,
				0713032029C172330041FBA4 /* AirlabsAPI.swift */,
			);
			path = managers;
			sourceTree = "<group>";
		};
		0713030529C134590041FBA4 /* flights */ = {
			isa = PBXGroup;
			children = (
				0713030829C134880041FBA4 /* FlightsView.swift */,
				0713032C29C190B30041FBA4 /* FlightView.swift */,
				0713031529C13BF70041FBA4 /* FlightProgressIndicator.swift */,
				0713032429C1764B0041FBA4 /* FlightsControlBar.swift */,
				0713032629C17B8B0041FBA4 /* FlightsFilterView.swift */,
			);
			path = flights;
			sourceTree = "<group>";
		};
		0713030629C134600041FBA4 /* contacts */ = {
			isa = PBXGroup;
			children = (
				0713030A29C134930041FBA4 /* ContactsView.swift */,
			);
			path = contacts;
			sourceTree = "<group>";
		};
		0713030729C1346A0041FBA4 /* settings */ = {
			isa = PBXGroup;
			children = (
				0713030C29C1349B0041FBA4 /* SettingsView.swift */,
			);
			path = settings;
			sourceTree = "<group>";
		};
		0713030E29C134A40041FBA4 /* components */ = {
			isa = PBXGroup;
			children = (
				0713030F29C134C20041FBA4 /* TabViewItem.swift */,
			);
			path = components;
			sourceTree = "<group>";
		};
/* End PBXGroup section */

/* Begin PBXNativeTarget section */
		071302D329C1332F0041FBA4 /* myairops */ = {
			isa = PBXNativeTarget;
			buildConfigurationList = 071302F829C133300041FBA4 /* Build configuration list for PBXNativeTarget "myairops" */;
			buildPhases = (
				071302D029C1332F0041FBA4 /* Sources */,
				071302D129C1332F0041FBA4 /* Frameworks */,
				071302D229C1332F0041FBA4 /* Resources */,
			);
			buildRules = (
			);
			dependencies = (
			);
			name = myairops;
			productName = myairops;
			productReference = 071302D429C1332F0041FBA4 /* myairops.app */;
			productType = "com.apple.product-type.application";
		};
		071302E329C133300041FBA4 /* myairopsTests */ = {
			isa = PBXNativeTarget;
			buildConfigurationList = 071302FB29C133300041FBA4 /* Build configuration list for PBXNativeTarget "myairopsTests" */;
			buildPhases = (
				071302E029C133300041FBA4 /* Sources */,
				071302E129C133300041FBA4 /* Frameworks */,
				071302E229C133300041FBA4 /* Resources */,
			);
			buildRules = (
			);
			dependencies = (
				071302E629C133300041FBA4 /* PBXTargetDependency */,
			);
			name = myairopsTests;
			productName = myairopsTests;
			productReference = 071302E429C133300041FBA4 /* myairopsTests.xctest */;
			productType = "com.apple.product-type.bundle.unit-test";
		};
		071302ED29C133300041FBA4 /* myairopsUITests */ = {
			isa = PBXNativeTarget;
			buildConfigurationList = 071302FE29C133300041FBA4 /* Build configuration list for PBXNativeTarget "myairopsUITests" */;
			buildPhases = (
				071302EA29C133300041FBA4 /* Sources */,
				071302EB29C133300041FBA4 /* Frameworks */,
				071302EC29C133300041FBA4 /* Resources */,
			);
			buildRules = (
			);
			dependencies = (
				071302F029C133300041FBA4 /* PBXTargetDependency */,
			);
			name = myairopsUITests;
			productName = myairopsUITests;
			productReference = 071302EE29C133300041FBA4 /* myairopsUITests.xctest */;
			productType = "com.apple.product-type.bundle.ui-testing";
		};
/* End PBXNativeTarget section */

/* Begin PBXProject section */
		071302CC29C1332E0041FBA4 /* Project object */ = {
			isa = PBXProject;
			attributes = {
				BuildIndependentTargetsInParallel = 1;
				LastSwiftUpdateCheck = 1420;
				LastUpgradeCheck = 1420;
				TargetAttributes = {
					071302D329C1332F0041FBA4 = {
						CreatedOnToolsVersion = 14.2;
					};
					071302E329C133300041FBA4 = {
						CreatedOnToolsVersion = 14.2;
						TestTargetID = 071302D329C1332F0041FBA4;
					};
					071302ED29C133300041FBA4 = {
						CreatedOnToolsVersion = 14.2;
						TestTargetID = 071302D329C1332F0041FBA4;
					};
				};
			};
			buildConfigurationList = 071302CF29C1332E0041FBA4 /* Build configuration list for PBXProject "myairops" */;
			compatibilityVersion = "Xcode 14.0";
			developmentRegion = en;
			hasScannedForEncodings = 0;
			knownRegions = (
				en,
				Base,
			);
			mainGroup = 071302CB29C1332E0041FBA4;
			productRefGroup = 071302D529C1332F0041FBA4 /* Products */;
			projectDirPath = "";
			projectRoot = "";
			targets = (
				071302D329C1332F0041FBA4 /* myairops */,
				071302E329C133300041FBA4 /* myairopsTests */,
				071302ED29C133300041FBA4 /* myairopsUITests */,
			);
		};
/* End PBXProject section */

/* Begin PBXResourcesBuildPhase section */
		071302D229C1332F0041FBA4 /* Resources */ = {
			isa = PBXResourcesBuildPhase;
			buildActionMask = 2147483647;
			files = (
				071302DF29C133300041FBA4 /* Preview Assets.xcassets in Resources */,
				071302DC29C133300041FBA4 /* Assets.xcassets in Resources */,
			);
			runOnlyForDeploymentPostprocessing = 0;
		};
		071302E229C133300041FBA4 /* Resources */ = {
			isa = PBXResourcesBuildPhase;
			buildActionMask = 2147483647;
			files = (
			);
			runOnlyForDeploymentPostprocessing = 0;
		};
		071302EC29C133300041FBA4 /* Resources */ = {
			isa = PBXResourcesBuildPhase;
			buildActionMask = 2147483647;
			files = (
			);
			runOnlyForDeploymentPostprocessing = 0;
		};
/* End PBXResourcesBuildPhase section */

/* Begin PBXSourcesBuildPhase section */
		071302D029C1332F0041FBA4 /* Sources */ = {
			isa = PBXSourcesBuildPhase;
			buildActionMask = 2147483647;
			files = (
				0713031629C13BF70041FBA4 /* FlightProgressIndicator.swift in Sources */,
				0713030B29C134930041FBA4 /* ContactsView.swift in Sources */,
				0713032329C175280041FBA4 /* Airline.swift in Sources */,
				0713031A29C14E400041FBA4 /* AirportManager.swift in Sources */,
				0713031E29C15E640041FBA4 /* AirlinesManager.swift in Sources */,
				0713031C29C15A7F0041FBA4 /* Airport.swift in Sources */,
				0713030D29C1349B0041FBA4 /* SettingsView.swift in Sources */,
				0713032529C1764B0041FBA4 /* FlightsControlBar.swift in Sources */,
				0713030929C134880041FBA4 /* FlightsView.swift in Sources */,
				0713032B29C183EE0041FBA4 /* Flight.swift in Sources */,
				0713032929C181AF0041FBA4 /* FlightManager.swift in Sources */,
				071302D829C1332F0041FBA4 /* myairopsApp.swift in Sources */,
				0713031029C134C20041FBA4 /* TabViewItem.swift in Sources */,
				0713032129C172330041FBA4 /* AirlabsAPI.swift in Sources */,
				0713032D29C190B40041FBA4 /* FlightView.swift in Sources */,
				0713032729C17B8B0041FBA4 /* FlightsFilterView.swift in Sources */,
			);
			runOnlyForDeploymentPostprocessing = 0;
		};
		071302E029C133300041FBA4 /* Sources */ = {
			isa = PBXSourcesBuildPhase;
			buildActionMask = 2147483647;
			files = (
				071302E929C133300041FBA4 /* myairopsTests.swift in Sources */,
			);
			runOnlyForDeploymentPostprocessing = 0;
		};
		071302EA29C133300041FBA4 /* Sources */ = {
			isa = PBXSourcesBuildPhase;
			buildActionMask = 2147483647;
			files = (
				071302F529C133300041FBA4 /* myairopsUITestsLaunchTests.swift in Sources */,
				071302F329C133300041FBA4 /* myairopsUITests.swift in Sources */,
			);
			runOnlyForDeploymentPostprocessing = 0;
		};
/* End PBXSourcesBuildPhase section */

/* Begin PBXTargetDependency section */
		071302E629C133300041FBA4 /* PBXTargetDependency */ = {
			isa = PBXTargetDependency;
			target = 071302D329C1332F0041FBA4 /* myairops */;
			targetProxy = 071302E529C133300041FBA4 /* PBXContainerItemProxy */;
		};
		071302F029C133300041FBA4 /* PBXTargetDependency */ = {
			isa = PBXTargetDependency;
			target = 071302D329C1332F0041FBA4 /* myairops */;
			targetProxy = 071302EF29C133300041FBA4 /* PBXContainerItemProxy */;
		};
/* End PBXTargetDependency section */

/* Begin XCBuildConfiguration section */
		071302F629C133300041FBA4 /* Debug */ = {
			isa = XCBuildConfiguration;
			buildSettings = {
				ALWAYS_SEARCH_USER_PATHS = NO;
				CLANG_ANALYZER_NONNULL = YES;
				CLANG_ANALYZER_NUMBER_OBJECT_CONVERSION = YES_AGGRESSIVE;
				CLANG_CXX_LANGUAGE_STANDARD = "gnu++20";
				CLANG_ENABLE_MODULES = YES;
				CLANG_ENABLE_OBJC_ARC = YES;
				CLANG_ENABLE_OBJC_WEAK = YES;
				CLANG_WARN_BLOCK_CAPTURE_AUTORELEASING = YES;
				CLANG_WARN_BOOL_CONVERSION = YES;
				CLANG_WARN_COMMA = YES;
				CLANG_WARN_CONSTANT_CONVERSION = YES;
				CLANG_WARN_DEPRECATED_OBJC_IMPLEMENTATIONS = YES;
				CLANG_WARN_DIRECT_OBJC_ISA_USAGE = YES_ERROR;
				CLANG_WARN_DOCUMENTATION_COMMENTS = YES;
				CLANG_WARN_EMPTY_BODY = YES;
				CLANG_WARN_ENUM_CONVERSION = YES;
				CLANG_WARN_INFINITE_RECURSION = YES;
				CLANG_WARN_INT_CONVERSION = YES;
				CLANG_WARN_NON_LITERAL_NULL_CONVERSION = YES;
				CLANG_WARN_OBJC_IMPLICIT_RETAIN_SELF = YES;
				CLANG_WARN_OBJC_LITERAL_CONVERSION = YES;
				CLANG_WARN_OBJC_ROOT_CLASS = YES_ERROR;
				CLANG_WARN_QUOTED_INCLUDE_IN_FRAMEWORK_HEADER = YES;
				CLANG_WARN_RANGE_LOOP_ANALYSIS = YES;
				CLANG_WARN_STRICT_PROTOTYPES = YES;
				CLANG_WARN_SUSPICIOUS_MOVE = YES;
				CLANG_WARN_UNGUARDED_AVAILABILITY = YES_AGGRESSIVE;
				CLANG_WARN_UNREACHABLE_CODE = YES;
				CLANG_WARN__DUPLICATE_METHOD_MATCH = YES;
				COPY_PHASE_STRIP = NO;
				DEBUG_INFORMATION_FORMAT = dwarf;
				ENABLE_STRICT_OBJC_MSGSEND = YES;
				ENABLE_TESTABILITY = YES;
				GCC_C_LANGUAGE_STANDARD = gnu11;
				GCC_DYNAMIC_NO_PIC = NO;
				GCC_NO_COMMON_BLOCKS = YES;
				GCC_OPTIMIZATION_LEVEL = 0;
				GCC_PREPROCESSOR_DEFINITIONS = (
					"DEBUG=1",
					"$(inherited)",
				);
				GCC_WARN_64_TO_32_BIT_CONVERSION = YES;
				GCC_WARN_ABOUT_RETURN_TYPE = YES_ERROR;
				GCC_WARN_UNDECLARED_SELECTOR = YES;
				GCC_WARN_UNINITIALIZED_AUTOS = YES_AGGRESSIVE;
				GCC_WARN_UNUSED_FUNCTION = YES;
				GCC_WARN_UNUSED_VARIABLE = YES;
				IPHONEOS_DEPLOYMENT_TARGET = 16.2;
				MTL_ENABLE_DEBUG_INFO = INCLUDE_SOURCE;
				MTL_FAST_MATH = YES;
				ONLY_ACTIVE_ARCH = YES;
				SDKROOT = iphoneos;
				SWIFT_ACTIVE_COMPILATION_CONDITIONS = DEBUG;
				SWIFT_OPTIMIZATION_LEVEL = "-Onone";
			};
			name = Debug;
		};
		071302F729C133300041FBA4 /* Release */ = {
			isa = XCBuildConfiguration;
			buildSettings = {
				ALWAYS_SEARCH_USER_PATHS = NO;
				CLANG_ANALYZER_NONNULL = YES;
				CLANG_ANALYZER_NUMBER_OBJECT_CONVERSION = YES_AGGRESSIVE;
				CLANG_CXX_LANGUAGE_STANDARD = "gnu++20";
				CLANG_ENABLE_MODULES = YES;
				CLANG_ENABLE_OBJC_ARC = YES;
				CLANG_ENABLE_OBJC_WEAK = YES;
				CLANG_WARN_BLOCK_CAPTURE_AUTORELEASING = YES;
				CLANG_WARN_BOOL_CONVERSION = YES;
				CLANG_WARN_COMMA = YES;
				CLANG_WARN_CONSTANT_CONVERSION = YES;
				CLANG_WARN_DEPRECATED_OBJC_IMPLEMENTATIONS = YES;
				CLANG_WARN_DIRECT_OBJC_ISA_USAGE = YES_ERROR;
				CLANG_WARN_DOCUMENTATION_COMMENTS = YES;
				CLANG_WARN_EMPTY_BODY = YES;
				CLANG_WARN_ENUM_CONVERSION = YES;
				CLANG_WARN_INFINITE_RECURSION = YES;
				CLANG_WARN_INT_CONVERSION = YES;
				CLANG_WARN_NON_LITERAL_NULL_CONVERSION = YES;
				CLANG_WARN_OBJC_IMPLICIT_RETAIN_SELF = YES;
				CLANG_WARN_OBJC_LITERAL_CONVERSION = YES;
				CLANG_WARN_OBJC_ROOT_CLASS = YES_ERROR;
				CLANG_WARN_QUOTED_INCLUDE_IN_FRAMEWORK_HEADER = YES;
				CLANG_WARN_RANGE_LOOP_ANALYSIS = YES;
				CLANG_WARN_STRICT_PROTOTYPES = YES;
				CLANG_WARN_SUSPICIOUS_MOVE = YES;
				CLANG_WARN_UNGUARDED_AVAILABILITY = YES_AGGRESSIVE;
				CLANG_WARN_UNREACHABLE_CODE = YES;
				CLANG_WARN__DUPLICATE_METHOD_MATCH = YES;
				COPY_PHASE_STRIP = NO;
				DEBUG_INFORMATION_FORMAT = "dwarf-with-dsym";
				ENABLE_NS_ASSERTIONS = NO;
				ENABLE_STRICT_OBJC_MSGSEND = YES;
				GCC_C_LANGUAGE_STANDARD = gnu11;
				GCC_NO_COMMON_BLOCKS = YES;
				GCC_WARN_64_TO_32_BIT_CONVERSION = YES;
				GCC_WARN_ABOUT_RETURN_TYPE = YES_ERROR;
				GCC_WARN_UNDECLARED_SELECTOR = YES;
				GCC_WARN_UNINITIALIZED_AUTOS = YES_AGGRESSIVE;
				GCC_WARN_UNUSED_FUNCTION = YES;
				GCC_WARN_UNUSED_VARIABLE = YES;
				IPHONEOS_DEPLOYMENT_TARGET = 16.2;
				MTL_ENABLE_DEBUG_INFO = NO;
				MTL_FAST_MATH = YES;
				SDKROOT = iphoneos;
				SWIFT_COMPILATION_MODE = wholemodule;
				SWIFT_OPTIMIZATION_LEVEL = "-O";
				VALIDATE_PRODUCT = YES;
			};
			name = Release;
		};
		071302F929C133300041FBA4 /* Debug */ = {
			isa = XCBuildConfiguration;
			buildSettings = {
				ASSETCATALOG_COMPILER_APPICON_NAME = AppIcon;
				ASSETCATALOG_COMPILER_GLOBAL_ACCENT_COLOR_NAME = AccentColor;
				CODE_SIGN_STYLE = Automatic;
				CURRENT_PROJECT_VERSION = 1;
				DEVELOPMENT_ASSET_PATHS = "\"myairops/Preview Content\"";
				DEVELOPMENT_TEAM = 99V2REC394;
				ENABLE_PREVIEWS = YES;
				GENERATE_INFOPLIST_FILE = YES;
				INFOPLIST_KEY_UIApplicationSceneManifest_Generation = YES;
				INFOPLIST_KEY_UIApplicationSupportsIndirectInputEvents = YES;
				INFOPLIST_KEY_UILaunchScreen_Generation = YES;
				INFOPLIST_KEY_UISupportedInterfaceOrientations = UIInterfaceOrientationPortrait;
				INFOPLIST_KEY_UISupportedInterfaceOrientations_iPad = "UIInterfaceOrientationLandscapeLeft UIInterfaceOrientationLandscapeRight UIInterfaceOrientationPortrait UIInterfaceOrientationPortraitUpsideDown";
				IPHONEOS_DEPLOYMENT_TARGET = 16.0;
				LD_RUNPATH_SEARCH_PATHS = (
					"$(inherited)",
					"@executable_path/Frameworks",
				);
				MARKETING_VERSION = 1.0;
				PRODUCT_BUNDLE_IDENTIFIER = com.olliemunday.myairops;
				PRODUCT_NAME = "$(TARGET_NAME)";
				SUPPORTED_PLATFORMS = "iphoneos iphonesimulator";
				SUPPORTS_MACCATALYST = NO;
				SUPPORTS_MAC_DESIGNED_FOR_IPHONE_IPAD = NO;
				SWIFT_EMIT_LOC_STRINGS = YES;
				SWIFT_STRICT_CONCURRENCY = targeted;
				SWIFT_VERSION = 5.0;
				TARGETED_DEVICE_FAMILY = 1;
			};
			name = Debug;
		};
		071302FA29C133300041FBA4 /* Release */ = {
			isa = XCBuildConfiguration;
			buildSettings = {
				ASSETCATALOG_COMPILER_APPICON_NAME = AppIcon;
				ASSETCATALOG_COMPILER_GLOBAL_ACCENT_COLOR_NAME = AccentColor;
				CODE_SIGN_STYLE = Automatic;
				CURRENT_PROJECT_VERSION = 1;
				DEVELOPMENT_ASSET_PATHS = "\"myairops/Preview Content\"";
				DEVELOPMENT_TEAM = 99V2REC394;
				ENABLE_PREVIEWS = YES;
				GENERATE_INFOPLIST_FILE = YES;
				INFOPLIST_KEY_UIApplicationSceneManifest_Generation = YES;
				INFOPLIST_KEY_UIApplicationSupportsIndirectInputEvents = YES;
				INFOPLIST_KEY_UILaunchScreen_Generation = YES;
				INFOPLIST_KEY_UISupportedInterfaceOrientations = UIInterfaceOrientationPortrait;
				INFOPLIST_KEY_UISupportedInterfaceOrientations_iPad = "UIInterfaceOrientationLandscapeLeft UIInterfaceOrientationLandscapeRight UIInterfaceOrientationPortrait UIInterfaceOrientationPortraitUpsideDown";
				IPHONEOS_DEPLOYMENT_TARGET = 16.0;
				LD_RUNPATH_SEARCH_PATHS = (
					"$(inherited)",
					"@executable_path/Frameworks",
				);
				MARKETING_VERSION = 1.0;
				PRODUCT_BUNDLE_IDENTIFIER = com.olliemunday.myairops;
				PRODUCT_NAME = "$(TARGET_NAME)";
				SUPPORTED_PLATFORMS = "iphoneos iphonesimulator";
				SUPPORTS_MACCATALYST = NO;
				SUPPORTS_MAC_DESIGNED_FOR_IPHONE_IPAD = NO;
				SWIFT_EMIT_LOC_STRINGS = YES;
				SWIFT_OPTIMIZATION_LEVEL = "-O";
				SWIFT_STRICT_CONCURRENCY = targeted;
				SWIFT_VERSION = 5.0;
				TARGETED_DEVICE_FAMILY = 1;
			};
			name = Release;
		};
		071302FC29C133300041FBA4 /* Debug */ = {
			isa = XCBuildConfiguration;
			buildSettings = {
				ALWAYS_EMBED_SWIFT_STANDARD_LIBRARIES = YES;
				BUNDLE_LOADER = "$(TEST_HOST)";
				CODE_SIGN_STYLE = Automatic;
				CURRENT_PROJECT_VERSION = 1;
				DEVELOPMENT_TEAM = 99V2REC394;
				GENERATE_INFOPLIST_FILE = YES;
				IPHONEOS_DEPLOYMENT_TARGET = 16.0;
				MARKETING_VERSION = 1.0;
				PRODUCT_BUNDLE_IDENTIFIER = com.olliemunday.myairopsTests;
				PRODUCT_NAME = "$(TARGET_NAME)";
				SUPPORTED_PLATFORMS = "iphoneos iphonesimulator";
				SUPPORTS_MACCATALYST = NO;
				SUPPORTS_MAC_DESIGNED_FOR_IPHONE_IPAD = NO;
				SWIFT_EMIT_LOC_STRINGS = NO;
				SWIFT_VERSION = 5.0;
				TARGETED_DEVICE_FAMILY = 1;
				TEST_HOST = "$(BUILT_PRODUCTS_DIR)/myairops.app/$(BUNDLE_EXECUTABLE_FOLDER_PATH)/myairops";
			};
			name = Debug;
		};
		071302FD29C133300041FBA4 /* Release */ = {
			isa = XCBuildConfiguration;
			buildSettings = {
				ALWAYS_EMBED_SWIFT_STANDARD_LIBRARIES = YES;
				BUNDLE_LOADER = "$(TEST_HOST)";
				CODE_SIGN_STYLE = Automatic;
				CURRENT_PROJECT_VERSION = 1;
				DEVELOPMENT_TEAM = 99V2REC394;
				GENERATE_INFOPLIST_FILE = YES;
				IPHONEOS_DEPLOYMENT_TARGET = 16.0;
				MARKETING_VERSION = 1.0;
				PRODUCT_BUNDLE_IDENTIFIER = com.olliemunday.myairopsTests;
				PRODUCT_NAME = "$(TARGET_NAME)";
				SUPPORTED_PLATFORMS = "iphoneos iphonesimulator";
				SUPPORTS_MACCATALYST = NO;
				SUPPORTS_MAC_DESIGNED_FOR_IPHONE_IPAD = NO;
				SWIFT_EMIT_LOC_STRINGS = NO;
				SWIFT_VERSION = 5.0;
				TARGETED_DEVICE_FAMILY = 1;
				TEST_HOST = "$(BUILT_PRODUCTS_DIR)/myairops.app/$(BUNDLE_EXECUTABLE_FOLDER_PATH)/myairops";
			};
			name = Release;
		};
		071302FF29C133300041FBA4 /* Debug */ = {
			isa = XCBuildConfiguration;
			buildSettings = {
				ALWAYS_EMBED_SWIFT_STANDARD_LIBRARIES = YES;
				CODE_SIGN_STYLE = Automatic;
				CURRENT_PROJECT_VERSION = 1;
				DEVELOPMENT_TEAM = 99V2REC394;
				GENERATE_INFOPLIST_FILE = YES;
				IPHONEOS_DEPLOYMENT_TARGET = 16.0;
				MARKETING_VERSION = 1.0;
				PRODUCT_BUNDLE_IDENTIFIER = com.olliemunday.myairopsUITests;
				PRODUCT_NAME = "$(TARGET_NAME)";
				SUPPORTED_PLATFORMS = "iphoneos iphonesimulator";
				SUPPORTS_MACCATALYST = NO;
				SUPPORTS_MAC_DESIGNED_FOR_IPHONE_IPAD = NO;
				SWIFT_EMIT_LOC_STRINGS = NO;
				SWIFT_VERSION = 5.0;
				TARGETED_DEVICE_FAMILY = 1;
				TEST_TARGET_NAME = myairops;
			};
			name = Debug;
		};
		0713030029C133300041FBA4 /* Release */ = {
			isa = XCBuildConfiguration;
			buildSettings = {
				ALWAYS_EMBED_SWIFT_STANDARD_LIBRARIES = YES;
				CODE_SIGN_STYLE = Automatic;
				CURRENT_PROJECT_VERSION = 1;
				DEVELOPMENT_TEAM = 99V2REC394;
				GENERATE_INFOPLIST_FILE = YES;
				IPHONEOS_DEPLOYMENT_TARGET = 16.0;
				MARKETING_VERSION = 1.0;
				PRODUCT_BUNDLE_IDENTIFIER = com.olliemunday.myairopsUITests;
				PRODUCT_NAME = "$(TARGET_NAME)";
				SUPPORTED_PLATFORMS = "iphoneos iphonesimulator";
				SUPPORTS_MACCATALYST = NO;
				SUPPORTS_MAC_DESIGNED_FOR_IPHONE_IPAD = NO;
				SWIFT_EMIT_LOC_STRINGS = NO;
				SWIFT_VERSION = 5.0;
				TARGETED_DEVICE_FAMILY = 1;
				TEST_TARGET_NAME = myairops;
			};
			name = Release;
		};
/* End XCBuildConfiguration section */

/* Begin XCConfigurationList section */
		071302CF29C1332E0041FBA4 /* Build configuration list for PBXProject "myairops" */ = {
			isa = XCConfigurationList;
			buildConfigurations = (
				071302F629C133300041FBA4 /* Debug */,
				071302F729C133300041FBA4 /* Release */,
			);
			defaultConfigurationIsVisible = 0;
			defaultConfigurationName = Release;
		};
		071302F829C133300041FBA4 /* Build configuration list for PBXNativeTarget "myairops" */ = {
			isa = XCConfigurationList;
			buildConfigurations = (
				071302F929C133300041FBA4 /* Debug */,
				071302FA29C133300041FBA4 /* Release */,
			);
			defaultConfigurationIsVisible = 0;
			defaultConfigurationName = Release;
		};
		071302FB29C133300041FBA4 /* Build configuration list for PBXNativeTarget "myairopsTests" */ = {
			isa = XCConfigurationList;
			buildConfigurations = (
				071302FC29C133300041FBA4 /* Debug */,
				071302FD29C133300041FBA4 /* Release */,
			);
			defaultConfigurationIsVisible = 0;
			defaultConfigurationName = Release;
		};
		071302FE29C133300041FBA4 /* Build configuration list for PBXNativeTarget "myairopsUITests" */ = {
			isa = XCConfigurationList;
			buildConfigurations = (
				071302FF29C133300041FBA4 /* Debug */,
				0713030029C133300041FBA4 /* Release */,
			);
			defaultConfigurationIsVisible = 0;
			defaultConfigurationName = Release;
		};
/* End XCConfigurationList section */
	};
	rootObject = 071302CC29C1332E0041FBA4 /* Project object */;
}
